Microsoft Visual Studio Solution File, Format Version 12.00
# Visual Studio Version 18
VisualStudioVersion = 18.3.11512.155 d18.3
MinimumVisualStudioVersion = 17.0.0.0
Project("{9A19103F-16F7-4668-BE54-9A1E7A4F7556}") = "Reincarapp", "Reincarapp.csproj", "{1B4C2439-1CFD-48AA-8908-6BF13957C212}"
EndProject
Global
	GlobalSection(SolutionConfigurationPlatforms) = preSolution
		Debug|Any CPU = Debug|Any CPU
		Release|Any CPU = Release|Any CPU
	EndGlobalSection
	GlobalSection(ProjectConfigurationPlatforms) = postSolution
		{1B4C2439-1CFD-48AA-8908-6BF13957C212}.Debug|Any CPU.ActiveCfg = Debug|Any CPU
		{1B4C2439-1CFD-48AA-8908-6BF13957C212}.Debug|Any CPU.Build.0 = Debug|Any CPU
		{1B4C2439-1CFD-48AA-8908-6BF13957C212}.Release|Any CPU.ActiveCfg = Release|Any CPU
		{1B4C2439-1CFD-48AA-8908-6BF13957C212}.Release|Any CPU.Build.0 = Release|Any CPU
	EndGlobalSection
	GlobalSection(SolutionProperties) = preSolution
		HideSolutionNode = FALSE
	EndGlobalSection
	GlobalSection(ExtensibilityGlobals) = postSolution
		SolutionGuid = {4A724C97-E2F6-4CEF-B751-D4938394283C}
	EndGlobalSection
EndGlobal
